
Microsoft Visual Studio Solution File, Format Version 12.00
# Visual Studio Version 17
VisualStudioVersion = 17.14.36408.4
MinimumVisualStudioVersion = 10.0.40219.1
Project("{2150E333-8FDC-42A3-9474-1A3956D46DE8}") = "src", "src", "{02EA681E-C7D8-13C7-8484-4AC65E1B71E8}"
EndProject
Project("{FAE04EC0-301F-11D3-BF4B-00C04F79EFBC}") = "ApartmentComplexManagement.API", "src\ApartmentComplexManagement.API\ApartmentComplexManagement.API.csproj", "{5ADA43A4-3CFE-4C10-B3B8-AC1A39D06E6C}"
EndProject
Project("{2150E333-8FDC-42A3-9474-1A3956D46DE8}") = "PropertyManagement", "PropertyManagement", "{932F850A-3154-46E7-9696-FCB671A78D9A}"
EndProject
Project("{FAE04EC0-301F-11D3-BF4B-00C04F79EFBC}") = "PropertyManagement.Domain", "src\PropertyManagement\PropertyManagement.Domain\PropertyManagement.Domain.csproj", "{3034C6EE-E96F-48D7-920B-F90662228025}"
EndProject
Project("{FAE04EC0-301F-11D3-BF4B-00C04F79EFBC}") = "PropertyManagement.Application", "src\PropertyManagement\PropertyManagement.Application\PropertyManagement.Application.csproj", "{8F11B576-4829-4591-AC08-3388EBACDD17}"
EndProject
Project("{FAE04EC0-301F-11D3-BF4B-00C04F79EFBC}") = "PropertyManagement.Infrastructure", "src\PropertyManagement\PropertyManagement.Infrastructure\PropertyManagement.Infrastructure.csproj", "{C48150ED-DA62-4D5C-933A-CD110073D0D5}"
EndProject
Project("{FAE04EC0-301F-11D3-BF4B-00C04F79EFBC}") = "PropertyManagement.Controllers", "src\PropertyManagement\PropertyManagement.Controllers\PropertyManagement.Controllers.csproj", "{9AC571AE-88EC-4410-9B88-098BA16F6AA9}"
EndProject
Project("{2150E333-8FDC-42A3-9474-1A3956D46DE8}") = "OwnerManagement", "OwnerManagement", "{3692FD48-9DD0-4B62-8992-3532DF7AB375}"
EndProject
Project("{2150E333-8FDC-42A3-9474-1A3956D46DE8}") = "TenantAndLeaseManagement", "TenantAndLeaseManagement", "{0639995E-F3DC-411F-93A4-658CDDB565C9}"
EndProject
Project("{2150E333-8FDC-42A3-9474-1A3956D46DE8}") = "FinancialManagement", "FinancialManagement", "{7DB002DC-0D25-4C1B-B421-1DC812CE84CE}"
EndProject
Project("{FAE04EC0-301F-11D3-BF4B-00C04F79EFBC}") = "TenantAndLeaseManagement.Application", "src\TenantAndLeaseManagement\TenantAndLeaseManagement.Application\TenantAndLeaseManagement.Application.csproj", "{DE434349-FD6A-40C3-AEA2-C0C45EC2AD05}"
EndProject
Project("{FAE04EC0-301F-11D3-BF4B-00C04F79EFBC}") = "TenantAndLeaseManagement.Infrastructure", "src\TenantAndLeaseManagement\TenantAndLeaseManagement.Infrastructure\TenantAndLeaseManagement.Infrastructure.csproj", "{FACCEDF7-38D6-4DA2-AEF7-203BCE324929}"
EndProject
Project("{FAE04EC0-301F-11D3-BF4B-00C04F79EFBC}") = "TenantAndLeaseManagement.Controllers", "src\TenantAndLeaseManagement\TenantAndLeaseManagement.Controllers\TenantAndLeaseManagement.Controllers.csproj", "{3D840AD2-5D8A-4A7B-8F06-C7A0FA42B32A}"
EndProject
Project("{FAE04EC0-301F-11D3-BF4B-00C04F79EFBC}") = "TenantAndLeaseManagement.Domain", "src\TenantAndLeaseManagement\TenantAndLeaseManagement.Domain\TenantAndLeaseManagement.Domain.csproj", "{71E28B28-8E46-81A2-AA61-A6636E8724C2}"
EndProject
Project("{FAE04EC0-301F-11D3-BF4B-00C04F79EFBC}") = "OwnerManagement.Domain", "src\OwnerManagement\OwnerManagement.Domain\OwnerManagement.Domain.csproj", "{A22911F2-29E3-4D59-91AE-8F63F4FBA406}"
EndProject
Project("{FAE04EC0-301F-11D3-BF4B-00C04F79EFBC}") = "OwnerManagement.Application", "src\OwnerManagement\OwnerManagement.Application\OwnerManagement.Application.csproj", "{D398DFDB-3B5D-439B-9111-710D462DD483}"
EndProject
Project("{FAE04EC0-301F-11D3-BF4B-00C04F79EFBC}") = "OwnerManagement.Infrastructure", "src\OwnerManagement\OwnerManagement.Infrastructure\OwnerManagement.Infrastructure.csproj", "{8081C188-0895-4A3F-9D98-CB6DCF7C92E8}"
EndProject
Project("{FAE04EC0-301F-11D3-BF4B-00C04F79EFBC}") = "OwnerManagement.Controllers", "src\OwnerManagement\OwnerManagement.Controllers\OwnerManagement.Controllers.csproj", "{EFE3734C-A5D0-4E18-943E-D780A0AEC507}"
EndProject
Project("{FAE04EC0-301F-11D3-BF4B-00C04F79EFBC}") = "FinancialManagement.Domain", "src\FinancialManagement\FinancialManagement.Domain\FinancialManagement.Domain.csproj", "{E48D166A-F1A0-48B5-954B-223E5087C81A}"
EndProject
Project("{FAE04EC0-301F-11D3-BF4B-00C04F79EFBC}") = "FinancialManagement.Application", "src\FinancialManagement\FinancialManagement.Application\FinancialManagement.Application.csproj", "{01905189-342C-4207-BC55-0F4CBC39E4E0}"
EndProject
Project("{FAE04EC0-301F-11D3-BF4B-00C04F79EFBC}") = "FinancialManagement.Infrastructure", "src\FinancialManagement\FinancialManagement.Infrastructure\FinancialManagement.Infrastructure.csproj", "{9EB7534E-687C-4402-8B37-F37CDFBA64A7}"
EndProject
Project("{FAE04EC0-301F-11D3-BF4B-00C04F79EFBC}") = "FinancialManagement.Controllers", "src\FinancialManagement\FinancialManagement.Controllers\FinancialManagement.Controllers.csproj", "{D875E646-51E4-4A47-81CE-4A789CCC787A}"
EndProject
Global
	GlobalSection(SolutionConfigurationPlatforms) = preSolution
		Debug|Any CPU = Debug|Any CPU
		Release|Any CPU = Release|Any CPU
	EndGlobalSection
	GlobalSection(ProjectConfigurationPlatforms) = postSolution
		{5ADA43A4-3CFE-4C10-B3B8-AC1A39D06E6C}.Debug|Any CPU.ActiveCfg = Debug|Any CPU
		{5ADA43A4-3CFE-4C10-B3B8-AC1A39D06E6C}.Debug|Any CPU.Build.0 = Debug|Any CPU
		{5ADA43A4-3CFE-4C10-B3B8-AC1A39D06E6C}.Release|Any CPU.ActiveCfg = Release|Any CPU
		{5ADA43A4-3CFE-4C10-B3B8-AC1A39D06E6C}.Release|Any CPU.Build.0 = Release|Any CPU
		{3034C6EE-E96F-48D7-920B-F90662228025}.Debug|Any CPU.ActiveCfg = Debug|Any CPU
		{3034C6EE-E96F-48D7-920B-F90662228025}.Debug|Any CPU.Build.0 = Debug|Any CPU
		{3034C6EE-E96F-48D7-920B-F90662228025}.Release|Any CPU.ActiveCfg = Release|Any CPU
		{3034C6EE-E96F-48D7-920B-F90662228025}.Release|Any CPU.Build.0 = Release|Any CPU
		{8F11B576-4829-4591-AC08-3388EBACDD17}.Debug|Any CPU.ActiveCfg = Debug|Any CPU
		{8F11B576-4829-4591-AC08-3388EBACDD17}.Debug|Any CPU.Build.0 = Debug|Any CPU
		{8F11B576-4829-4591-AC08-3388EBACDD17}.Release|Any CPU.ActiveCfg = Release|Any CPU
		{8F11B576-4829-4591-AC08-3388EBACDD17}.Release|Any CPU.Build.0 = Release|Any CPU
		{C48150ED-DA62-4D5C-933A-CD110073D0D5}.Debug|Any CPU.ActiveCfg = Debug|Any CPU
		{C48150ED-DA62-4D5C-933A-CD110073D0D5}.Debug|Any CPU.Build.0 = Debug|Any CPU
		{C48150ED-DA62-4D5C-933A-CD110073D0D5}.Release|Any CPU.ActiveCfg = Release|Any CPU
		{C48150ED-DA62-4D5C-933A-CD110073D0D5}.Release|Any CPU.Build.0 = Release|Any CPU
		{9AC571AE-88EC-4410-9B88-098BA16F6AA9}.Debug|Any CPU.ActiveCfg = Debug|Any CPU
		{9AC571AE-88EC-4410-9B88-098BA16F6AA9}.Debug|Any CPU.Build.0 = Debug|Any CPU
		{9AC571AE-88EC-4410-9B88-098BA16F6AA9}.Release|Any CPU.ActiveCfg = Release|Any CPU
		{9AC571AE-88EC-4410-9B88-098BA16F6AA9}.Release|Any CPU.Build.0 = Release|Any CPU
		{DE434349-FD6A-40C3-AEA2-C0C45EC2AD05}.Debug|Any CPU.ActiveCfg = Debug|Any CPU
		{DE434349-FD6A-40C3-AEA2-C0C45EC2AD05}.Debug|Any CPU.Build.0 = Debug|Any CPU
		{DE434349-FD6A-40C3-AEA2-C0C45EC2AD05}.Release|Any CPU.ActiveCfg = Release|Any CPU
		{DE434349-FD6A-40C3-AEA2-C0C45EC2AD05}.Release|Any CPU.Build.0 = Release|Any CPU
		{FACCEDF7-38D6-4DA2-AEF7-203BCE324929}.Debug|Any CPU.ActiveCfg = Debug|Any CPU
		{FACCEDF7-38D6-4DA2-AEF7-203BCE324929}.Debug|Any CPU.Build.0 = Debug|Any CPU
		{FACCEDF7-38D6-4DA2-AEF7-203BCE324929}.Release|Any CPU.ActiveCfg = Release|Any CPU
		{FACCEDF7-38D6-4DA2-AEF7-203BCE324929}.Release|Any CPU.Build.0 = Release|Any CPU
		{3D840AD2-5D8A-4A7B-8F06-C7A0FA42B32A}.Debug|Any CPU.ActiveCfg = Debug|Any CPU
		{3D840AD2-5D8A-4A7B-8F06-C7A0FA42B32A}.Debug|Any CPU.Build.0 = Debug|Any CPU
		{3D840AD2-5D8A-4A7B-8F06-C7A0FA42B32A}.Release|Any CPU.ActiveCfg = Release|Any CPU
		{3D840AD2-5D8A-4A7B-8F06-C7A0FA42B32A}.Release|Any CPU.Build.0 = Release|Any CPU
		{71E28B28-8E46-81A2-AA61-A6636E8724C2}.Debug|Any CPU.ActiveCfg = Debug|Any CPU
		{71E28B28-8E46-81A2-AA61-A6636E8724C2}.Debug|Any CPU.Build.0 = Debug|Any CPU
		{71E28B28-8E46-81A2-AA61-A6636E8724C2}.Release|Any CPU.ActiveCfg = Release|Any CPU
		{71E28B28-8E46-81A2-AA61-A6636E8724C2}.Release|Any CPU.Build.0 = Release|Any CPU
		{A22911F2-29E3-4D59-91AE-8F63F4FBA406}.Debug|Any CPU.ActiveCfg = Debug|Any CPU
		{A22911F2-29E3-4D59-91AE-8F63F4FBA406}.Debug|Any CPU.Build.0 = Debug|Any CPU
		{A22911F2-29E3-4D59-91AE-8F63F4FBA406}.Release|Any CPU.ActiveCfg = Release|Any CPU
		{A22911F2-29E3-4D59-91AE-8F63F4FBA406}.Release|Any CPU.Build.0 = Release|Any CPU
		{D398DFDB-3B5D-439B-9111-710D462DD483}.Debug|Any CPU.ActiveCfg = Debug|Any CPU
		{D398DFDB-3B5D-439B-9111-710D462DD483}.Debug|Any CPU.Build.0 = Debug|Any CPU
		{D398DFDB-3B5D-439B-9111-710D462DD483}.Release|Any CPU.ActiveCfg = Release|Any CPU
		{D398DFDB-3B5D-439B-9111-710D462DD483}.Release|Any CPU.Build.0 = Release|Any CPU
		{8081C188-0895-4A3F-9D98-CB6DCF7C92E8}.Debug|Any CPU.ActiveCfg = Debug|Any CPU
		{8081C188-0895-4A3F-9D98-CB6DCF7C92E8}.Debug|Any CPU.Build.0 = Debug|Any CPU
		{8081C188-0895-4A3F-9D98-CB6DCF7C92E8}.Release|Any CPU.ActiveCfg = Release|Any CPU
		{8081C188-0895-4A3F-9D98-CB6DCF7C92E8}.Release|Any CPU.Build.0 = Release|Any CPU
		{EFE3734C-A5D0-4E18-943E-D780A0AEC507}.Debug|Any CPU.ActiveCfg = Debug|Any CPU
		{EFE3734C-A5D0-4E18-943E-D780A0AEC507}.Debug|Any CPU.Build.0 = Debug|Any CPU
		{EFE3734C-A5D0-4E18-943E-D780A0AEC507}.Release|Any CPU.ActiveCfg = Release|Any CPU
		{EFE3734C-A5D0-4E18-943E-D780A0AEC507}.Release|Any CPU.Build.0 = Release|Any CPU
		{E48D166A-F1A0-48B5-954B-223E5087C81A}.Debug|Any CPU.ActiveCfg = Debug|Any CPU
		{E48D166A-F1A0-48B5-954B-223E5087C81A}.Debug|Any CPU.Build.0 = Debug|Any CPU
		{E48D166A-F1A0-48B5-954B-223E5087C81A}.Release|Any CPU.ActiveCfg = Release|Any CPU
		{E48D166A-F1A0-48B5-954B-223E5087C81A}.Release|Any CPU.Build.0 = Release|Any CPU
		{01905189-342C-4207-BC55-0F4CBC39E4E0}.Debug|Any CPU.ActiveCfg = Debug|Any CPU
		{01905189-342C-4207-BC55-0F4CBC39E4E0}.Debug|Any CPU.Build.0 = Debug|Any CPU
		{01905189-342C-4207-BC55-0F4CBC39E4E0}.Release|Any CPU.ActiveCfg = Release|Any CPU
		{01905189-342C-4207-BC55-0F4CBC39E4E0}.Release|Any CPU.Build.0 = Release|Any CPU
		{9EB7534E-687C-4402-8B37-F37CDFBA64A7}.Debug|Any CPU.ActiveCfg = Debug|Any CPU
		{9EB7534E-687C-4402-8B37-F37CDFBA64A7}.Debug|Any CPU.Build.0 = Debug|Any CPU
		{9EB7534E-687C-4402-8B37-F37CDFBA64A7}.Release|Any CPU.ActiveCfg = Release|Any CPU
		{9EB7534E-687C-4402-8B37-F37CDFBA64A7}.Release|Any CPU.Build.0 = Release|Any CPU
		{D875E646-51E4-4A47-81CE-4A789CCC787A}.Debug|Any CPU.ActiveCfg = Debug|Any CPU
		{D875E646-51E4-4A47-81CE-4A789CCC787A}.Debug|Any CPU.Build.0 = Debug|Any CPU
		{D875E646-51E4-4A47-81CE-4A789CCC787A}.Release|Any CPU.ActiveCfg = Release|Any CPU
		{D875E646-51E4-4A47-81CE-4A789CCC787A}.Release|Any CPU.Build.0 = Release|Any CPU
	EndGlobalSection
	GlobalSection(SolutionProperties) = preSolution
		HideSolutionNode = FALSE
	EndGlobalSection
	GlobalSection(NestedProjects) = preSolution
		{5ADA43A4-3CFE-4C10-B3B8-AC1A39D06E6C} = {02EA681E-C7D8-13C7-8484-4AC65E1B71E8}
		{932F850A-3154-46E7-9696-FCB671A78D9A} = {02EA681E-C7D8-13C7-8484-4AC65E1B71E8}
		{3034C6EE-E96F-48D7-920B-F90662228025} = {932F850A-3154-46E7-9696-FCB671A78D9A}
		{8F11B576-4829-4591-AC08-3388EBACDD17} = {932F850A-3154-46E7-9696-FCB671A78D9A}
		{C48150ED-DA62-4D5C-933A-CD110073D0D5} = {932F850A-3154-46E7-9696-FCB671A78D9A}
		{9AC571AE-88EC-4410-9B88-098BA16F6AA9} = {932F850A-3154-46E7-9696-FCB671A78D9A}
		{3692FD48-9DD0-4B62-8992-3532DF7AB375} = {02EA681E-C7D8-13C7-8484-4AC65E1B71E8}
		{0639995E-F3DC-411F-93A4-658CDDB565C9} = {02EA681E-C7D8-13C7-8484-4AC65E1B71E8}
		{7DB002DC-0D25-4C1B-B421-1DC812CE84CE} = {02EA681E-C7D8-13C7-8484-4AC65E1B71E8}
		{DE434349-FD6A-40C3-AEA2-C0C45EC2AD05} = {0639995E-F3DC-411F-93A4-658CDDB565C9}
		{FACCEDF7-38D6-4DA2-AEF7-203BCE324929} = {0639995E-F3DC-411F-93A4-658CDDB565C9}
		{3D840AD2-5D8A-4A7B-8F06-C7A0FA42B32A} = {0639995E-F3DC-411F-93A4-658CDDB565C9}
		{71E28B28-8E46-81A2-AA61-A6636E8724C2} = {0639995E-F3DC-411F-93A4-658CDDB565C9}
		{A22911F2-29E3-4D59-91AE-8F63F4FBA406} = {3692FD48-9DD0-4B62-8992-3532DF7AB375}
		{D398DFDB-3B5D-439B-9111-710D462DD483} = {3692FD48-9DD0-4B62-8992-3532DF7AB375}
		{8081C188-0895-4A3F-9D98-CB6DCF7C92E8} = {3692FD48-9DD0-4B62-8992-3532DF7AB375}
		{EFE3734C-A5D0-4E18-943E-D780A0AEC507} = {3692FD48-9DD0-4B62-8992-3532DF7AB375}
		{E48D166A-F1A0-48B5-954B-223E5087C81A} = {7DB002DC-0D25-4C1B-B421-1DC812CE84CE}
		{01905189-342C-4207-BC55-0F4CBC39E4E0} = {7DB002DC-0D25-4C1B-B421-1DC812CE84CE}
		{9EB7534E-687C-4402-8B37-F37CDFBA64A7} = {7DB002DC-0D25-4C1B-B421-1DC812CE84CE}
		{D875E646-51E4-4A47-81CE-4A789CCC787A} = {7DB002DC-0D25-4C1B-B421-1DC812CE84CE}
	EndGlobalSection
	GlobalSection(ExtensibilityGlobals) = postSolution
		SolutionGuid = {F6C8FB81-8376-4B42-ABCA-70D6C259A434}
	EndGlobalSection
EndGlobal
